# This file was autogenerated by Stack.
# You should not edit this file by hand.
# For more information, please see the documentation at:
#   https://docs.haskellstack.org/en/stable/lock_files

packages:
- completed:
    hackage: extensible-0.5@sha256:8a3ca016244ad8780fc3c1b9d2ff99534718a4e3a40cd69d8145d0fee915ef09,2873
    pantry-tree:
      size: 2434
      sha256: 80445f108a9f73795e6f2f926305dd0097e406b5627aab5eb1af0ef5810e6510
  original:
    hackage: extensible-0.5
- completed:
    hackage: github-0.21@sha256:9d88c84e308723e314069f91c70c0f3fdad6d18976f185f1ae672ce8eee30547,6296
    pantry-tree:
      size: 6648
      sha256: 832e62729292d71f405bb9497939e9e8fd3823d2bcfeab19b543d2d953dc4621
  original:
    hackage: github-0.21
- completed:
    hackage: drone-1.0.1@sha256:13745ac6ca79db908e7ff2b4ab3a595f53c4a039abfa9ccc430b88845ec638b1,2607
    pantry-tree:
      size: 2422
      sha256: e129988826e929fe1b695f5b4e52525a9a23167a4362e73c8c60f8fedea3ac84
  original:
    hackage: drone-1.0.1
snapshots:
- completed:
    size: 496647
    url: https://raw.githubusercontent.com/commercialhaskell/stackage-snapshots/master/lts/13/13.yaml
    sha256: 9b6d3d0574b5059b411f64730960ad994df84e1cfe33b1931bf5fa2eafb1ff91
  original: lts-13.13
